
Microsoft Visual Studio Solution File, Format Version 12.00
# Visual Studio 15
VisualStudioVersion = 15.0.26124.0
MinimumVisualStudioVersion = 15.0.26124.0
Project("{FAE04EC0-301F-11D3-BF4B-00C04F79EFBC}") = "ProAgil.API", "ProAgil.API\ProAgil.API.csproj", "{807CCA0C-1E80-4F17-B3B5-65C1DF2C9EB5}"
EndProject
Project("{FAE04EC0-301F-11D3-BF4B-00C04F79EFBC}") = "ProAgil.Dominio", "ProAgil.Dominio\ProAgil.Dominio.csproj", "{738DD124-629F-424C-890E-C3B647F1D82F}"
EndProject
Project("{FAE04EC0-301F-11D3-BF4B-00C04F79EFBC}") = "ProAgil.Repositorio", "ProAgil.Repositorio\ProAgil.Repositorio.csproj", "{152E49EA-BA20-45AD-BDF3-831DD4CCA857}"
EndProject
Global
	GlobalSection(SolutionConfigurationPlatforms) = preSolution
		Debug|Any CPU = Debug|Any CPU
		Debug|x64 = Debug|x64
		Debug|x86 = Debug|x86
		Release|Any CPU = Release|Any CPU
		Release|x64 = Release|x64
		Release|x86 = Release|x86
	EndGlobalSection
	GlobalSection(SolutionProperties) = preSolution
		HideSolutionNode = FALSE
	EndGlobalSection
	GlobalSection(ProjectConfigurationPlatforms) = postSolution
		{807CCA0C-1E80-4F17-B3B5-65C1DF2C9EB5}.Debug|Any CPU.ActiveCfg = Debug|Any CPU
		{807CCA0C-1E80-4F17-B3B5-65C1DF2C9EB5}.Debug|Any CPU.Build.0 = Debug|Any CPU
		{807CCA0C-1E80-4F17-B3B5-65C1DF2C9EB5}.Debug|x64.ActiveCfg = Debug|Any CPU
		{807CCA0C-1E80-4F17-B3B5-65C1DF2C9EB5}.Debug|x64.Build.0 = Debug|Any CPU
		{807CCA0C-1E80-4F17-B3B5-65C1DF2C9EB5}.Debug|x86.ActiveCfg = Debug|Any CPU
		{807CCA0C-1E80-4F17-B3B5-65C1DF2C9EB5}.Debug|x86.Build.0 = Debug|Any CPU
		{807CCA0C-1E80-4F17-B3B5-65C1DF2C9EB5}.Release|Any CPU.ActiveCfg = Release|Any CPU
		{807CCA0C-1E80-4F17-B3B5-65C1DF2C9EB5}.Release|Any CPU.Build.0 = Release|Any CPU
		{807CCA0C-1E80-4F17-B3B5-65C1DF2C9EB5}.Release|x64.ActiveCfg = Release|Any CPU
		{807CCA0C-1E80-4F17-B3B5-65C1DF2C9EB5}.Release|x64.Build.0 = Release|Any CPU
		{807CCA0C-1E80-4F17-B3B5-65C1DF2C9EB5}.Release|x86.ActiveCfg = Release|Any CPU
		{807CCA0C-1E80-4F17-B3B5-65C1DF2C9EB5}.Release|x86.Build.0 = Release|Any CPU
		{738DD124-629F-424C-890E-C3B647F1D82F}.Debug|Any CPU.ActiveCfg = Debug|Any CPU
		{738DD124-629F-424C-890E-C3B647F1D82F}.Debug|Any CPU.Build.0 = Debug|Any CPU
		{738DD124-629F-424C-890E-C3B647F1D82F}.Debug|x64.ActiveCfg = Debug|Any CPU
		{738DD124-629F-424C-890E-C3B647F1D82F}.Debug|x64.Build.0 = Debug|Any CPU
		{738DD124-629F-424C-890E-C3B647F1D82F}.Debug|x86.ActiveCfg = Debug|Any CPU
		{738DD124-629F-424C-890E-C3B647F1D82F}.Debug|x86.Build.0 = Debug|Any CPU
		{738DD124-629F-424C-890E-C3B647F1D82F}.Release|Any CPU.ActiveCfg = Release|Any CPU
		{738DD124-629F-424C-890E-C3B647F1D82F}.Release|Any CPU.Build.0 = Release|Any CPU
		{738DD124-629F-424C-890E-C3B647F1D82F}.Release|x64.ActiveCfg = Release|Any CPU
		{738DD124-629F-424C-890E-C3B647F1D82F}.Release|x64.Build.0 = Release|Any CPU
		{738DD124-629F-424C-890E-C3B647F1D82F}.Release|x86.ActiveCfg = Release|Any CPU
		{738DD124-629F-424C-890E-C3B647F1D82F}.Release|x86.Build.0 = Release|Any CPU
		{152E49EA-BA20-45AD-BDF3-831DD4CCA857}.Debug|Any CPU.ActiveCfg = Debug|Any CPU
		{152E49EA-BA20-45AD-BDF3-831DD4CCA857}.Debug|Any CPU.Build.0 = Debug|Any CPU
		{152E49EA-BA20-45AD-BDF3-831DD4CCA857}.Debug|x64.ActiveCfg = Debug|Any CPU
		{152E49EA-BA20-45AD-BDF3-831DD4CCA857}.Debug|x64.Build.0 = Debug|Any CPU
		{152E49EA-BA20-45AD-BDF3-831DD4CCA857}.Debug|x86.ActiveCfg = Debug|Any CPU
		{152E49EA-BA20-45AD-BDF3-831DD4CCA857}.Debug|x86.Build.0 = Debug|Any CPU
		{152E49EA-BA20-45AD-BDF3-831DD4CCA857}.Release|Any CPU.ActiveCfg = Release|Any CPU
		{152E49EA-BA20-45AD-BDF3-831DD4CCA857}.Release|Any CPU.Build.0 = Release|Any CPU
		{152E49EA-BA20-45AD-BDF3-831DD4CCA857}.Release|x64.ActiveCfg = Release|Any CPU
		{152E49EA-BA20-45AD-BDF3-831DD4CCA857}.Release|x64.Build.0 = Release|Any CPU
		{152E49EA-BA20-45AD-BDF3-831DD4CCA857}.Release|x86.ActiveCfg = Release|Any CPU
		{152E49EA-BA20-45AD-BDF3-831DD4CCA857}.Release|x86.Build.0 = Release|Any CPU
	EndGlobalSection
EndGlobal
